
Microsoft Visual Studio Solution File, Format Version 12.00
# Visual Studio Version 16
VisualStudioVersion = 16.0.30804.86
MinimumVisualStudioVersion = 10.0.40219.1
Project("{FAE04EC0-301F-11D3-BF4B-00C04F79EFBC}") = "QueryTestProject", "QueryTestProject\QueryTestProject.csproj", "{F863B903-E723-4F2D-81FD-1CDEC33EDA5F}"
EndProject
Global
	GlobalSection(SolutionConfigurationPlatforms) = preSolution
		Debug|Any CPU = Debug|Any CPU
		Release|Any CPU = Release|Any CPU
	EndGlobalSection
	GlobalSection(ProjectConfigurationPlatforms) = postSolution
		{F863B903-E723-4F2D-81FD-1CDEC33EDA5F}.Debug|Any CPU.ActiveCfg = Debug|Any CPU
		{F863B903-E723-4F2D-81FD-1CDEC33EDA5F}.Debug|Any CPU.Build.0 = Debug|Any CPU
		{F863B903-E723-4F2D-81FD-1CDEC33EDA5F}.Release|Any CPU.ActiveCfg = Release|Any CPU
		{F863B903-E723-4F2D-81FD-1CDEC33EDA5F}.Release|Any CPU.Build.0 = Release|Any CPU
	EndGlobalSection
	GlobalSection(SolutionProperties) = preSolution
		HideSolutionNode = FALSE
	EndGlobalSection
	GlobalSection(ExtensibilityGlobals) = postSolution
		SolutionGuid = {30E68ACA-2D67-4AF6-8C58-81B1A6A1BB59}
	EndGlobalSection
EndGlobal
