
Microsoft Visual Studio Solution File, Format Version 12.00
# Visual Studio Version 16
VisualStudioVersion = 16.0.30804.86
MinimumVisualStudioVersion = 10.0.40219.1
Project("{FAE04EC0-301F-11D3-BF4B-00C04F79EFBC}") = "SortJSON", "SortJSON\SortJSON.csproj", "{6C309341-FCC5-4BE6-8242-A41680ECFBE6}"
EndProject
Global
	GlobalSection(SolutionConfigurationPlatforms) = preSolution
		Debug|Any CPU = Debug|Any CPU
		Release|Any CPU = Release|Any CPU
	EndGlobalSection
	GlobalSection(ProjectConfigurationPlatforms) = postSolution
		{6C309341-FCC5-4BE6-8242-A41680ECFBE6}.Debug|Any CPU.ActiveCfg = Debug|Any CPU
		{6C309341-FCC5-4BE6-8242-A41680ECFBE6}.Debug|Any CPU.Build.0 = Debug|Any CPU
		{6C309341-FCC5-4BE6-8242-A41680ECFBE6}.Release|Any CPU.ActiveCfg = Release|Any CPU
		{6C309341-FCC5-4BE6-8242-A41680ECFBE6}.Release|Any CPU.Build.0 = Release|Any CPU
	EndGlobalSection
	GlobalSection(SolutionProperties) = preSolution
		HideSolutionNode = FALSE
	EndGlobalSection
	GlobalSection(ExtensibilityGlobals) = postSolution
		SolutionGuid = {2BE5B360-6508-4211-83C2-D12F800017DE}
	EndGlobalSection
EndGlobal
