
Microsoft Visual Studio Solution File, Format Version 12.00
# Visual Studio Version 16
VisualStudioVersion = 16.0.30804.86
MinimumVisualStudioVersion = 10.0.40219.1
Project("{FAE04EC0-301F-11D3-BF4B-00C04F79EFBC}") = "TestJsonWindService", "TestJsonWindService\TestJsonWindService.csproj", "{62E1B6FE-8B42-42DD-8A46-F33DE994D533}"
EndProject
Global
	GlobalSection(SolutionConfigurationPlatforms) = preSolution
		Debug|Any CPU = Debug|Any CPU
		Release|Any CPU = Release|Any CPU
	EndGlobalSection
	GlobalSection(ProjectConfigurationPlatforms) = postSolution
		{62E1B6FE-8B42-42DD-8A46-F33DE994D533}.Debug|Any CPU.ActiveCfg = Debug|Any CPU
		{62E1B6FE-8B42-42DD-8A46-F33DE994D533}.Debug|Any CPU.Build.0 = Debug|Any CPU
		{62E1B6FE-8B42-42DD-8A46-F33DE994D533}.Release|Any CPU.ActiveCfg = Release|Any CPU
		{62E1B6FE-8B42-42DD-8A46-F33DE994D533}.Release|Any CPU.Build.0 = Release|Any CPU
	EndGlobalSection
	GlobalSection(SolutionProperties) = preSolution
		HideSolutionNode = FALSE
	EndGlobalSection
	GlobalSection(ExtensibilityGlobals) = postSolution
		SolutionGuid = {BB3EF646-C79B-4A05-A4BB-C2F2AA977083}
	EndGlobalSection
EndGlobal
